// !$*UTF8*$!
{
	archiveVersion = 1;
	classes = {
	};
	objectVersion = 50;
	objects = {

/* Begin PBXBuildFile section */
		D6E00A8D23F749A600CBA952 /* AppDelegate.swift in Sources */ = {isa = PBXBuildFile; fileRef = D6E00A8C23F749A600CBA952 /* AppDelegate.swift */; };
		D6E00A8F23F749A600CBA952 /* SceneDelegate.swift in Sources */ = {isa = PBXBuildFile; fileRef = D6E00A8E23F749A600CBA952 /* SceneDelegate.swift */; };
		D6E00A9123F749A600CBA952 /* ViewController.swift in Sources */ = {isa = PBXBuildFile; fileRef = D6E00A9023F749A600CBA952 /* ViewController.swift */; };
		D6E00A9423F749A600CBA952 /* Main.storyboard in Resources */ = {isa = PBXBuildFile; fileRef = D6E00A9223F749A600CBA952 /* Main.storyboard */; };
		D6E00A9623F749A800CBA952 /* Assets.xcassets in Resources */ = {isa = PBXBuildFile; fileRef = D6E00A9523F749A800CBA952 /* Assets.xcassets */; };
		D6E00A9923F749A800CBA952 /* LaunchScreen.storyboard in Resources */ = {isa = PBXBuildFile; fileRef = D6E00A9723F749A800CBA952 /* LaunchScreen.storyboard */; };
		D6E00AA523F74E3500CBA952 /* JumboMessage.swift in Sources */ = {isa = PBXBuildFile; fileRef = D6E00AA423F74E3500CBA952 /* JumboMessage.swift */; };
		D6E00AAB23FAD10C00CBA952 /* JumboMessageController.swift in Sources */ = {isa = PBXBuildFile; fileRef = D6E00AAA23FAD10B00CBA952 /* JumboMessageController.swift */; };
/* End PBXBuildFile section */

/* Begin PBXFileReference section */
		D6E00A8923F749A600CBA952 /* Running JavaScript in iOS.app */ = {isa = PBXFileReference; explicitFileType = wrapper.application; includeInIndex = 0; path = "Running JavaScript in iOS.app"; sourceTree = BUILT_PRODUCTS_DIR; };
		D6E00A8C23F749A600CBA952 /* AppDelegate.swift */ = {isa = PBXFileReference; lastKnownFileType = sourcecode.swift; path = AppDelegate.swift; sourceTree = "<group>"; };
		D6E00A8E23F749A600CBA952 /* SceneDelegate.swift */ = {isa = PBXFileReference; lastKnownFileType = sourcecode.swift; path = SceneDelegate.swift; sourceTree = "<group>"; };
		D6E00A9023F749A600CBA952 /* ViewController.swift */ = {isa = PBXFileReference; lastKnownFileType = sourcecode.swift; path = ViewController.swift; sourceTree = "<group>"; };
		D6E00A9323F749A600CBA952 /* Base */ = {isa = PBXFileReference; lastKnownFileType = file.storyboard; name = Base; path = Base.lproj/Main.storyboard; sourceTree = "<group>"; };
		D6E00A9523F749A800CBA952 /* Assets.xcassets */ = {isa = PBXFileReference; lastKnownFileType = folder.assetcatalog; path = Assets.xcassets; sourceTree = "<group>"; };
		D6E00A9823F749A800CBA952 /* Base */ = {isa = PBXFileReference; lastKnownFileType = file.storyboard; name = Base; path = Base.lproj/LaunchScreen.storyboard; sourceTree = "<group>"; };
		D6E00A9A23F749A800CBA952 /* Info.plist */ = {isa = PBXFileReference; lastKnownFileType = text.plist.xml; path = Info.plist; sourceTree = "<group>"; };
		D6E00AA423F74E3500CBA952 /* JumboMessage.swift */ = {isa = PBXFileReference; lastKnownFileType = sourcecode.swift; path = JumboMessage.swift; sourceTree = "<group>"; };
		D6E00AAA23FAD10B00CBA952 /* JumboMessageController.swift */ = {isa = PBXFileReference; fileEncoding = 4; lastKnownFileType = sourcecode.swift; path = JumboMessageController.swift; sourceTree = "<group>"; };
/* End PBXFileReference section */

/* Begin PBXFrameworksBuildPhase section */
		D6E00A8623F749A600CBA952 /* Frameworks */ = {
			isa = PBXFrameworksBuildPhase;
			buildActionMask = 2147483647;
			files = (
			);
			runOnlyForDeploymentPostprocessing = 0;
		};
/* End PBXFrameworksBuildPhase section */

/* Begin PBXGroup section */
		D6E00A8023F749A600CBA952 = {
			isa = PBXGroup;
			children = (
				D6E00A8B23F749A600CBA952 /* Running JavaScript in iOS */,
				D6E00A8A23F749A600CBA952 /* Products */,
			);
			sourceTree = "<group>";
		};
		D6E00A8A23F749A600CBA952 /* Products */ = {
			isa = PBXGroup;
			children = (
				D6E00A8923F749A600CBA952 /* Running JavaScript in iOS.app */,
			);
			name = Products;
			sourceTree = "<group>";
		};
		D6E00A8B23F749A600CBA952 /* Running JavaScript in iOS */ = {
			isa = PBXGroup;
			children = (
				D6E00A8C23F749A600CBA952 /* AppDelegate.swift */,
				D6E00A8E23F749A600CBA952 /* SceneDelegate.swift */,
				D6E00A9023F749A600CBA952 /* ViewController.swift */,
				D6E00AA423F74E3500CBA952 /* JumboMessage.swift */,
				D6E00AAA23FAD10B00CBA952 /* JumboMessageController.swift */,
				D6E00A9223F749A600CBA952 /* Main.storyboard */,
				D6E00A9523F749A800CBA952 /* Assets.xcassets */,
				D6E00A9723F749A800CBA952 /* LaunchScreen.storyboard */,
				D6E00A9A23F749A800CBA952 /* Info.plist */,
			);
			path = "Running JavaScript in iOS";
			sourceTree = "<group>";
		};
/* End PBXGroup section */

/* Begin PBXNativeTarget section */
		D6E00A8823F749A600CBA952 /* Running JavaScript in iOS */ = {
			isa = PBXNativeTarget;
			buildConfigurationList = D6E00A9D23F749A800CBA952 /* Build configuration list for PBXNativeTarget "Running JavaScript in iOS" */;
			buildPhases = (
				D6E00A8523F749A600CBA952 /* Sources */,
				D6E00A8623F749A600CBA952 /* Frameworks */,
				D6E00A8723F749A600CBA952 /* Resources */,
			);
			buildRules = (
			);
			dependencies = (
			);
			name = "Running JavaScript in iOS";
			productName = "Running JavaScript in iOS";
			productReference = D6E00A8923F749A600CBA952 /* Running JavaScript in iOS.app */;
			productType = "com.apple.product-type.application";
		};
/* End PBXNativeTarget section */

/* Begin PBXProject section */
		D6E00A8123F749A600CBA952 /* Project object */ = {
			isa = PBXProject;
			attributes = {
				LastSwiftUpdateCheck = 1130;
				LastUpgradeCheck = 1130;
				ORGANIZATIONNAME = "Samantha Gatt";
				TargetAttributes = {
					D6E00A8823F749A600CBA952 = {
						CreatedOnToolsVersion = 11.3.1;
					};
				};
			};
			buildConfigurationList = D6E00A8423F749A600CBA952 /* Build configuration list for PBXProject "Running JavaScript in iOS" */;
			compatibilityVersion = "Xcode 9.3";
			developmentRegion = en;
			hasScannedForEncodings = 0;
			knownRegions = (
				en,
				Base,
			);
			mainGroup = D6E00A8023F749A600CBA952;
			productRefGroup = D6E00A8A23F749A600CBA952 /* Products */;
			projectDirPath = "";
			projectRoot = "";
			targets = (
				D6E00A8823F749A600CBA952 /* Running JavaScript in iOS */,
			);
		};
/* End PBXProject section */

/* Begin PBXResourcesBuildPhase section */
		D6E00A8723F749A600CBA952 /* Resources */ = {
			isa = PBXResourcesBuildPhase;
			buildActionMask = 2147483647;
			files = (
				D6E00A9923F749A800CBA952 /* LaunchScreen.storyboard in Resources */,
				D6E00A9623F749A800CBA952 /* Assets.xcassets in Resources */,
				D6E00A9423F749A600CBA952 /* Main.storyboard in Resources */,
			);
			runOnlyForDeploymentPostprocessing = 0;
		};
/* End PBXResourcesBuildPhase section */

/* Begin PBXSourcesBuildPhase section */
		D6E00A8523F749A600CBA952 /* Sources */ = {
			isa = PBXSourcesBuildPhase;
			buildActionMask = 2147483647;
			files = (
				D6E00A9123F749A600CBA952 /* ViewController.swift in Sources */,
				D6E00AAB23FAD10C00CBA952 /* JumboMessageController.swift in Sources */,
				D6E00A8D23F749A600CBA952 /* AppDelegate.swift in Sources */,
				D6E00A8F23F749A600CBA952 /* SceneDelegate.swift in Sources */,
				D6E00AA523F74E3500CBA952 /* JumboMessage.swift in Sources */,
			);
			runOnlyForDeploymentPostprocessing = 0;
		};
/* End PBXSourcesBuildPhase section */

/* Begin PBXVariantGroup section */
		D6E00A9223F749A600CBA952 /* Main.storyboard */ = {
			isa = PBXVariantGroup;
			children = (
				D6E00A9323F749A600CBA952 /* Base */,
			);
			name = Main.storyboard;
			sourceTree = "<group>";
		};
		D6E00A9723F749A800CBA952 /* LaunchScreen.storyboard */ = {
			isa = PBXVariantGroup;
			children = (
				D6E00A9823F749A800CBA952 /* Base */,
			);
			name = LaunchScreen.storyboard;
			sourceTree = "<group>";
		};
/* End PBXVariantGroup section */

/* Begin XCBuildConfiguration section */
		D6E00A9B23F749A800CBA952 /* Debug */ = {
			isa = XCBuildConfiguration;
			buildSettings = {
				ALWAYS_SEARCH_USER_PATHS = NO;
				CLANG_ANALYZER_NONNULL = YES;
				CLANG_ANALYZER_NUMBER_OBJECT_CONVERSION = YES_AGGRESSIVE;
				CLANG_CXX_LANGUAGE_STANDARD = "gnu++14";
				CLANG_CXX_LIBRARY = "libc++";
				CLANG_ENABLE_MODULES = YES;
				CLANG_ENABLE_OBJC_ARC = YES;
				CLANG_ENABLE_OBJC_WEAK = YES;
				CLANG_WARN_BLOCK_CAPTURE_AUTORELEASING = YES;
				CLANG_WARN_BOOL_CONVERSION = YES;
				CLANG_WARN_COMMA = YES;
				CLANG_WARN_CONSTANT_CONVERSION = YES;
				CLANG_WARN_DEPRECATED_OBJC_IMPLEMENTATIONS = YES;
				CLANG_WARN_DIRECT_OBJC_ISA_USAGE = YES_ERROR;
				CLANG_WARN_DOCUMENTATION_COMMENTS = YES;
				CLANG_WARN_EMPTY_BODY = YES;
				CLANG_WARN_ENUM_CONVERSION = YES;
				CLANG_WARN_INFINITE_RECURSION = YES;
				CLANG_WARN_INT_CONVERSION = YES;
				CLANG_WARN_NON_LITERAL_NULL_CONVERSION = YES;
				CLANG_WARN_OBJC_IMPLICIT_RETAIN_SELF = YES;
				CLANG_WARN_OBJC_LITERAL_CONVERSION = YES;
				CLANG_WARN_OBJC_ROOT_CLASS = YES_ERROR;
				CLANG_WARN_RANGE_LOOP_ANALYSIS = YES;
				CLANG_WARN_STRICT_PROTOTYPES = YES;
				CLANG_WARN_SUSPICIOUS_MOVE = YES;
				CLANG_WARN_UNGUARDED_AVAILABILITY = YES_AGGRESSIVE;
				CLANG_WARN_UNREACHABLE_CODE = YES;
				CLANG_WARN__DUPLICATE_METHOD_MATCH = YES;
				COPY_PHASE_STRIP = NO;
				DEBUG_INFORMATION_FORMAT = dwarf;
				ENABLE_STRICT_OBJC_MSGSEND = YES;
				ENABLE_TESTABILITY = YES;
				GCC_C_LANGUAGE_STANDARD = gnu11;
				GCC_DYNAMIC_NO_PIC = NO;
				GCC_NO_COMMON_BLOCKS = YES;
				GCC_OPTIMIZATION_LEVEL = 0;
				GCC_PREPROCESSOR_DEFINITIONS = (
					"DEBUG=1",
					"$(inherited)",
				);
				GCC_WARN_64_TO_32_BIT_CONVERSION = YES;
				GCC_WARN_ABOUT_RETURN_TYPE = YES_ERROR;
				GCC_WARN_UNDECLARED_SELECTOR = YES;
				GCC_WARN_UNINITIALIZED_AUTOS = YES_AGGRESSIVE;
				GCC_WARN_UNUSED_FUNCTION = YES;
				GCC_WARN_UNUSED_VARIABLE = YES;
				IPHONEOS_DEPLOYMENT_TARGET = 13.2;
				MTL_ENABLE_DEBUG_INFO = INCLUDE_SOURCE;
				MTL_FAST_MATH = YES;
				ONLY_ACTIVE_ARCH = YES;
				SDKROOT = iphoneos;
				SWIFT_ACTIVE_COMPILATION_CONDITIONS = DEBUG;
				SWIFT_OPTIMIZATION_LEVEL = "-Onone";
			};
			name = Debug;
		};
		D6E00A9C23F749A800CBA952 /* Release */ = {
			isa = XCBuildConfiguration;
			buildSettings = {
				ALWAYS_SEARCH_USER_PATHS = NO;
				CLANG_ANALYZER_NONNULL = YES;
				CLANG_ANALYZER_NUMBER_OBJECT_CONVERSION = YES_AGGRESSIVE;
				CLANG_CXX_LANGUAGE_STANDARD = "gnu++14";
				CLANG_CXX_LIBRARY = "libc++";
				CLANG_ENABLE_MODULES = YES;
				CLANG_ENABLE_OBJC_ARC = YES;
				CLANG_ENABLE_OBJC_WEAK = YES;
				CLANG_WARN_BLOCK_CAPTURE_AUTORELEASING = YES;
				CLANG_WARN_BOOL_CONVERSION = YES;
				CLANG_WARN_COMMA = YES;
				CLANG_WARN_CONSTANT_CONVERSION = YES;
				CLANG_WARN_DEPRECATED_OBJC_IMPLEMENTATIONS = YES;
				CLANG_WARN_DIRECT_OBJC_ISA_USAGE = YES_ERROR;
				CLANG_WARN_DOCUMENTATION_COMMENTS = YES;
				CLANG_WARN_EMPTY_BODY = YES;
				CLANG_WARN_ENUM_CONVERSION = YES;
				CLANG_WARN_INFINITE_RECURSION = YES;
				CLANG_WARN_INT_CONVERSION = YES;
				CLANG_WARN_NON_LITERAL_NULL_CONVERSION = YES;
				CLANG_WARN_OBJC_IMPLICIT_RETAIN_SELF = YES;
				CLANG_WARN_OBJC_LITERAL_CONVERSION = YES;
				CLANG_WARN_OBJC_ROOT_CLASS = YES_ERROR;
				CLANG_WARN_RANGE_LOOP_ANALYSIS = YES;
				CLANG_WARN_STRICT_PROTOTYPES = YES;
				CLANG_WARN_SUSPICIOUS_MOVE = YES;
				CLANG_WARN_UNGUARDED_AVAILABILITY = YES_AGGRESSIVE;
				CLANG_WARN_UNREACHABLE_CODE = YES;
				CLANG_WARN__DUPLICATE_METHOD_MATCH = YES;
				COPY_PHASE_STRIP = NO;
				DEBUG_INFORMATION_FORMAT = "dwarf-with-dsym";
				ENABLE_NS_ASSERTIONS = NO;
				ENABLE_STRICT_OBJC_MSGSEND = YES;
				GCC_C_LANGUAGE_STANDARD = gnu11;
				GCC_NO_COMMON_BLOCKS = YES;
				GCC_WARN_64_TO_32_BIT_CONVERSION = YES;
				GCC_WARN_ABOUT_RETURN_TYPE = YES_ERROR;
				GCC_WARN_UNDECLARED_SELECTOR = YES;
				GCC_WARN_UNINITIALIZED_AUTOS = YES_AGGRESSIVE;
				GCC_WARN_UNUSED_FUNCTION = YES;
				GCC_WARN_UNUSED_VARIABLE = YES;
				IPHONEOS_DEPLOYMENT_TARGET = 13.2;
				MTL_ENABLE_DEBUG_INFO = NO;
				MTL_FAST_MATH = YES;
				SDKROOT = iphoneos;
				SWIFT_COMPILATION_MODE = wholemodule;
				SWIFT_OPTIMIZATION_LEVEL = "-O";
				VALIDATE_PRODUCT = YES;
			};
			name = Release;
		};
		D6E00A9E23F749A800CBA952 /* Debug */ = {
			isa = XCBuildConfiguration;
			buildSettings = {
				ASSETCATALOG_COMPILER_APPICON_NAME = AppIcon;
				CODE_SIGN_STYLE = Automatic;
				DEVELOPMENT_TEAM = 84AK8SAYG2;
				INFOPLIST_FILE = "Running JavaScript in iOS/Info.plist";
				LD_RUNPATH_SEARCH_PATHS = (
					"$(inherited)",
					"@executable_path/Frameworks",
				);
				PRODUCT_BUNDLE_IDENTIFIER = "com.samanthagatt.Running-JavaScript-in-iOS";
				PRODUCT_NAME = "$(TARGET_NAME)";
				SWIFT_VERSION = 5.0;
				TARGETED_DEVICE_FAMILY = "1,2";
			};
			name = Debug;
		};
		D6E00A9F23F749A800CBA952 /* Release */ = {
			isa = XCBuildConfiguration;
			buildSettings = {
				ASSETCATALOG_COMPILER_APPICON_NAME = AppIcon;
				CODE_SIGN_STYLE = Automatic;
				DEVELOPMENT_TEAM = 84AK8SAYG2;
				INFOPLIST_FILE = "Running JavaScript in iOS/Info.plist";
				LD_RUNPATH_SEARCH_PATHS = (
					"$(inherited)",
					"@executable_path/Frameworks",
				);
				PRODUCT_BUNDLE_IDENTIFIER = "com.samanthagatt.Running-JavaScript-in-iOS";
				PRODUCT_NAME = "$(TARGET_NAME)";
				SWIFT_VERSION = 5.0;
				TARGETED_DEVICE_FAMILY = "1,2";
			};
			name = Release;
		};
/* End XCBuildConfiguration section */

/* Begin XCConfigurationList section */
		D6E00A8423F749A600CBA952 /* Build configuration list for PBXProject "Running JavaScript in iOS" */ = {
			isa = XCConfigurationList;
			buildConfigurations = (
				D6E00A9B23F749A800CBA952 /* Debug */,
				D6E00A9C23F749A800CBA952 /* Release */,
			);
			defaultConfigurationIsVisible = 0;
			defaultConfigurationName = Release;
		};
		D6E00A9D23F749A800CBA952 /* Build configuration list for PBXNativeTarget "Running JavaScript in iOS" */ = {
			isa = XCConfigurationList;
			buildConfigurations = (
				D6E00A9E23F749A800CBA952 /* Debug */,
				D6E00A9F23F749A800CBA952 /* Release */,
			);
			defaultConfigurationIsVisible = 0;
			defaultConfigurationName = Release;
		};
/* End XCConfigurationList section */
	};
	rootObject = D6E00A8123F749A600CBA952 /* Project object */;
}
